{
  "name": "FridaSpace",
  "lockfileVersion": 2,
  "requires": true,
  "packages": {
    "": {
      "dependencies": {
        "@types/frida-gum": "^18.4.4"
      }
    },
    "node_modules/@types/frida-gum": {
      "version": "18.4.4",
      "resolved": "https://registry.npmjs.org/@types/frida-gum/-/frida-gum-18.4.4.tgz",
      "integrity": "sha512-zslr2MRu0IlGA5qJDe7WAAfdtAlGRZyGqBU8Yd5xpSzi64Z5CHWeT+7OFz/4D4OCkKOqiWn2+e/jsfRVsOwnag=="
    }
  },
  "dependencies": {
    "@types/frida-gum": {
      "version": "18.4.4",
      "resolved": "https://registry.npmjs.org/@types/frida-gum/-/frida-gum-18.4.4.tgz",
      "integrity": "sha512-zslr2MRu0IlGA5qJDe7WAAfdtAlGRZyGqBU8Yd5xpSzi64Z5CHWeT+7OFz/4D4OCkKOqiWn2+e/jsfRVsOwnag=="
    }
  }
}
