
Microsoft Visual Studio Solution File, Format Version 12.00
# Visual Studio Version 17
VisualStudioVersion = 17.1.32407.343
MinimumVisualStudioVersion = 10.0.40219.1
Project("{9A19103F-16F7-4668-BE54-9A1E7A4F7556}") = "WPF-Miao", "WPF-Miao\WPF-Miao.csproj", "{954668F3-0F17-4972-8CC0-C698D61BE27D}"
EndProject
Project("{9A19103F-16F7-4668-BE54-9A1E7A4F7556}") = "HttpProcessor", "HttpProcessor\HttpProcessor.csproj", "{051FEC86-45FC-476F-AB31-63F7EF72D004}"
EndProject
Project("{2150E333-8FDC-42A3-9474-1A3956D46DE8}") = "Solution Items", "Solution Items", "{1CE4233A-2EBB-42E8-A81A-DF0A7B07DA9F}"
	ProjectSection(SolutionItems) = preProject
		.editorconfig = .editorconfig
	EndProjectSection
EndProject
Project("{9A19103F-16F7-4668-BE54-9A1E7A4F7556}") = "Logging", "Logging\Logging.csproj", "{8DEC8474-EE99-4B9B-B79D-F3B3192E5E2C}"
EndProject
Project("{9A19103F-16F7-4668-BE54-9A1E7A4F7556}") = "Utils", "Utils\Utils.csproj", "{68267264-AD29-4893-84CA-94A9EB8D852E}"
EndProject
Project("{9A19103F-16F7-4668-BE54-9A1E7A4F7556}") = "CoreControl", "CoreControl\CoreControl.csproj", "{1E8C5AFE-B374-4B2B-A80C-7F3369AFC412}"
EndProject
Project("{9A19103F-16F7-4668-BE54-9A1E7A4F7556}") = "Explore", "..\..\Explore\Explore.csproj", "{0840E8BF-9ECA-402A-8F50-FE28378DC368}"
EndProject
Project("{2150E333-8FDC-42A3-9474-1A3956D46DE8}") = "Platforms", "Platforms", "{34204EE6-86FF-4500-B973-A9BF4272CAD3}"
EndProject
Project("{9A19103F-16F7-4668-BE54-9A1E7A4F7556}") = "Dian", "Dian\Dian.csproj", "{54885459-C14E-43BE-90A5-0EB716F7743B}"
EndProject
Project("{9A19103F-16F7-4668-BE54-9A1E7A4F7556}") = "Base", "Base\Base.csproj", "{58851B8E-310F-43F9-BCCD-BF1BE3231352}"
EndProject
Project("{9A19103F-16F7-4668-BE54-9A1E7A4F7556}") = "Baohe", "Baohe\Baohe.csproj", "{01A64344-C6CD-44CB-A7D7-61909421C034}"
EndProject
Project("{9A19103F-16F7-4668-BE54-9A1E7A4F7556}") = "Tools", "Tools\Tools.csproj", "{C625F37B-CE98-49CB-88DF-20D8842BDC49}"
EndProject
Project("{9A19103F-16F7-4668-BE54-9A1E7A4F7556}") = "Jk160", "Jk160\Jk160.csproj", "{F2F36466-CF0D-4407-8F08-79DD9F2462B5}"
EndProject
Project("{9A19103F-16F7-4668-BE54-9A1E7A4F7556}") = "Zhuzher", "Zhuzher\Zhuzher.csproj", "{06D426A5-92A8-408A-81ED-8B741FF79A0A}"
EndProject
Project("{9A19103F-16F7-4668-BE54-9A1E7A4F7556}") = "Jkchegu", "Jkchegu\Jkchegu.csproj", "{3A05B885-09F1-48F9-8BB2-176E698106FA}"
EndProject
Project("{9A19103F-16F7-4668-BE54-9A1E7A4F7556}") = "HuSheng", "HuSheng\HuSheng.csproj", "{5D0F5390-8A45-46C1-BD2D-B9CA2A96D87A}"
EndProject
Project("{9A19103F-16F7-4668-BE54-9A1E7A4F7556}") = "renren", "renren\renren.csproj", "{27B7D70F-E3A7-44AB-89B4-DF09C50B959C}"
EndProject
Project("{9A19103F-16F7-4668-BE54-9A1E7A4F7556}") = "Darunfa", "Darunfa\Darunfa.csproj", "{0F8AA725-1DB0-43BA-B25B-F9EBA9484965}"
EndProject
Project("{9A19103F-16F7-4668-BE54-9A1E7A4F7556}") = "hys020", "hys020\hys020.csproj", "{7575A268-C803-4655-A9EC-5C86A7CF9AC3}"
EndProject
Project("{9A19103F-16F7-4668-BE54-9A1E7A4F7556}") = "chutian", "chutian\chutian.csproj", "{C221553E-18CA-4803-B4BE-73EDB0A7BE48}"
EndProject
Project("{FAE04EC0-301F-11D3-BF4B-00C04F79EFBC}") = "suiyang", "suiyang\suiyang.csproj", "{C74EF4DD-C9E7-4C16-A055-918FF6CB43F6}"
EndProject
Global
	GlobalSection(SolutionConfigurationPlatforms) = preSolution
		Debug|Any CPU = Debug|Any CPU
		Release|Any CPU = Release|Any CPU
	EndGlobalSection
	GlobalSection(ProjectConfigurationPlatforms) = postSolution
		{954668F3-0F17-4972-8CC0-C698D61BE27D}.Debug|Any CPU.ActiveCfg = Debug|Any CPU
		{954668F3-0F17-4972-8CC0-C698D61BE27D}.Debug|Any CPU.Build.0 = Debug|Any CPU
		{954668F3-0F17-4972-8CC0-C698D61BE27D}.Release|Any CPU.ActiveCfg = Release|Any CPU
		{954668F3-0F17-4972-8CC0-C698D61BE27D}.Release|Any CPU.Build.0 = Release|Any CPU
		{051FEC86-45FC-476F-AB31-63F7EF72D004}.Debug|Any CPU.ActiveCfg = Debug|Any CPU
		{051FEC86-45FC-476F-AB31-63F7EF72D004}.Debug|Any CPU.Build.0 = Debug|Any CPU
		{051FEC86-45FC-476F-AB31-63F7EF72D004}.Release|Any CPU.ActiveCfg = Release|Any CPU
		{051FEC86-45FC-476F-AB31-63F7EF72D004}.Release|Any CPU.Build.0 = Release|Any CPU
		{8DEC8474-EE99-4B9B-B79D-F3B3192E5E2C}.Debug|Any CPU.ActiveCfg = Debug|Any CPU
		{8DEC8474-EE99-4B9B-B79D-F3B3192E5E2C}.Debug|Any CPU.Build.0 = Debug|Any CPU
		{8DEC8474-EE99-4B9B-B79D-F3B3192E5E2C}.Release|Any CPU.ActiveCfg = Release|Any CPU
		{8DEC8474-EE99-4B9B-B79D-F3B3192E5E2C}.Release|Any CPU.Build.0 = Release|Any CPU
		{68267264-AD29-4893-84CA-94A9EB8D852E}.Debug|Any CPU.ActiveCfg = Debug|Any CPU
		{68267264-AD29-4893-84CA-94A9EB8D852E}.Debug|Any CPU.Build.0 = Debug|Any CPU
		{68267264-AD29-4893-84CA-94A9EB8D852E}.Release|Any CPU.ActiveCfg = Release|Any CPU
		{68267264-AD29-4893-84CA-94A9EB8D852E}.Release|Any CPU.Build.0 = Release|Any CPU
		{1E8C5AFE-B374-4B2B-A80C-7F3369AFC412}.Debug|Any CPU.ActiveCfg = Debug|Any CPU
		{1E8C5AFE-B374-4B2B-A80C-7F3369AFC412}.Debug|Any CPU.Build.0 = Debug|Any CPU
		{1E8C5AFE-B374-4B2B-A80C-7F3369AFC412}.Release|Any CPU.ActiveCfg = Release|Any CPU
		{1E8C5AFE-B374-4B2B-A80C-7F3369AFC412}.Release|Any CPU.Build.0 = Release|Any CPU
		{0840E8BF-9ECA-402A-8F50-FE28378DC368}.Debug|Any CPU.ActiveCfg = Debug|Any CPU
		{0840E8BF-9ECA-402A-8F50-FE28378DC368}.Debug|Any CPU.Build.0 = Debug|Any CPU
		{0840E8BF-9ECA-402A-8F50-FE28378DC368}.Release|Any CPU.ActiveCfg = Release|Any CPU
		{0840E8BF-9ECA-402A-8F50-FE28378DC368}.Release|Any CPU.Build.0 = Release|Any CPU
		{54885459-C14E-43BE-90A5-0EB716F7743B}.Debug|Any CPU.ActiveCfg = Debug|Any CPU
		{54885459-C14E-43BE-90A5-0EB716F7743B}.Debug|Any CPU.Build.0 = Debug|Any CPU
		{54885459-C14E-43BE-90A5-0EB716F7743B}.Release|Any CPU.ActiveCfg = Release|Any CPU
		{54885459-C14E-43BE-90A5-0EB716F7743B}.Release|Any CPU.Build.0 = Release|Any CPU
		{58851B8E-310F-43F9-BCCD-BF1BE3231352}.Debug|Any CPU.ActiveCfg = Debug|Any CPU
		{58851B8E-310F-43F9-BCCD-BF1BE3231352}.Debug|Any CPU.Build.0 = Debug|Any CPU
		{58851B8E-310F-43F9-BCCD-BF1BE3231352}.Release|Any CPU.ActiveCfg = Release|Any CPU
		{58851B8E-310F-43F9-BCCD-BF1BE3231352}.Release|Any CPU.Build.0 = Release|Any CPU
		{01A64344-C6CD-44CB-A7D7-61909421C034}.Debug|Any CPU.ActiveCfg = Debug|Any CPU
		{01A64344-C6CD-44CB-A7D7-61909421C034}.Debug|Any CPU.Build.0 = Debug|Any CPU
		{01A64344-C6CD-44CB-A7D7-61909421C034}.Release|Any CPU.ActiveCfg = Release|Any CPU
		{01A64344-C6CD-44CB-A7D7-61909421C034}.Release|Any CPU.Build.0 = Release|Any CPU
		{C625F37B-CE98-49CB-88DF-20D8842BDC49}.Debug|Any CPU.ActiveCfg = Debug|Any CPU
		{C625F37B-CE98-49CB-88DF-20D8842BDC49}.Debug|Any CPU.Build.0 = Debug|Any CPU
		{C625F37B-CE98-49CB-88DF-20D8842BDC49}.Release|Any CPU.ActiveCfg = Release|Any CPU
		{C625F37B-CE98-49CB-88DF-20D8842BDC49}.Release|Any CPU.Build.0 = Release|Any CPU
		{F2F36466-CF0D-4407-8F08-79DD9F2462B5}.Debug|Any CPU.ActiveCfg = Debug|Any CPU
		{F2F36466-CF0D-4407-8F08-79DD9F2462B5}.Debug|Any CPU.Build.0 = Debug|Any CPU
		{F2F36466-CF0D-4407-8F08-79DD9F2462B5}.Release|Any CPU.ActiveCfg = Release|Any CPU
		{F2F36466-CF0D-4407-8F08-79DD9F2462B5}.Release|Any CPU.Build.0 = Release|Any CPU
		{06D426A5-92A8-408A-81ED-8B741FF79A0A}.Debug|Any CPU.ActiveCfg = Debug|Any CPU
		{06D426A5-92A8-408A-81ED-8B741FF79A0A}.Debug|Any CPU.Build.0 = Debug|Any CPU
		{06D426A5-92A8-408A-81ED-8B741FF79A0A}.Release|Any CPU.ActiveCfg = Release|Any CPU
		{06D426A5-92A8-408A-81ED-8B741FF79A0A}.Release|Any CPU.Build.0 = Release|Any CPU
		{3A05B885-09F1-48F9-8BB2-176E698106FA}.Debug|Any CPU.ActiveCfg = Debug|Any CPU
		{3A05B885-09F1-48F9-8BB2-176E698106FA}.Debug|Any CPU.Build.0 = Debug|Any CPU
		{3A05B885-09F1-48F9-8BB2-176E698106FA}.Release|Any CPU.ActiveCfg = Release|Any CPU
		{3A05B885-09F1-48F9-8BB2-176E698106FA}.Release|Any CPU.Build.0 = Release|Any CPU
		{5D0F5390-8A45-46C1-BD2D-B9CA2A96D87A}.Debug|Any CPU.ActiveCfg = Debug|Any CPU
		{5D0F5390-8A45-46C1-BD2D-B9CA2A96D87A}.Debug|Any CPU.Build.0 = Debug|Any CPU
		{5D0F5390-8A45-46C1-BD2D-B9CA2A96D87A}.Release|Any CPU.ActiveCfg = Release|Any CPU
		{5D0F5390-8A45-46C1-BD2D-B9CA2A96D87A}.Release|Any CPU.Build.0 = Release|Any CPU
		{27B7D70F-E3A7-44AB-89B4-DF09C50B959C}.Debug|Any CPU.ActiveCfg = Debug|Any CPU
		{27B7D70F-E3A7-44AB-89B4-DF09C50B959C}.Debug|Any CPU.Build.0 = Debug|Any CPU
		{27B7D70F-E3A7-44AB-89B4-DF09C50B959C}.Release|Any CPU.ActiveCfg = Release|Any CPU
		{27B7D70F-E3A7-44AB-89B4-DF09C50B959C}.Release|Any CPU.Build.0 = Release|Any CPU
		{0F8AA725-1DB0-43BA-B25B-F9EBA9484965}.Debug|Any CPU.ActiveCfg = Debug|Any CPU
		{0F8AA725-1DB0-43BA-B25B-F9EBA9484965}.Debug|Any CPU.Build.0 = Debug|Any CPU
		{0F8AA725-1DB0-43BA-B25B-F9EBA9484965}.Release|Any CPU.ActiveCfg = Release|Any CPU
		{0F8AA725-1DB0-43BA-B25B-F9EBA9484965}.Release|Any CPU.Build.0 = Release|Any CPU
		{7575A268-C803-4655-A9EC-5C86A7CF9AC3}.Debug|Any CPU.ActiveCfg = Debug|Any CPU
		{7575A268-C803-4655-A9EC-5C86A7CF9AC3}.Debug|Any CPU.Build.0 = Debug|Any CPU
		{7575A268-C803-4655-A9EC-5C86A7CF9AC3}.Release|Any CPU.ActiveCfg = Release|Any CPU
		{7575A268-C803-4655-A9EC-5C86A7CF9AC3}.Release|Any CPU.Build.0 = Release|Any CPU
		{C221553E-18CA-4803-B4BE-73EDB0A7BE48}.Debug|Any CPU.ActiveCfg = Debug|Any CPU
		{C221553E-18CA-4803-B4BE-73EDB0A7BE48}.Debug|Any CPU.Build.0 = Debug|Any CPU
		{C221553E-18CA-4803-B4BE-73EDB0A7BE48}.Release|Any CPU.ActiveCfg = Release|Any CPU
		{C221553E-18CA-4803-B4BE-73EDB0A7BE48}.Release|Any CPU.Build.0 = Release|Any CPU
		{C74EF4DD-C9E7-4C16-A055-918FF6CB43F6}.Debug|Any CPU.ActiveCfg = Debug|Any CPU
		{C74EF4DD-C9E7-4C16-A055-918FF6CB43F6}.Debug|Any CPU.Build.0 = Debug|Any CPU
		{C74EF4DD-C9E7-4C16-A055-918FF6CB43F6}.Release|Any CPU.ActiveCfg = Release|Any CPU
		{C74EF4DD-C9E7-4C16-A055-918FF6CB43F6}.Release|Any CPU.Build.0 = Release|Any CPU
	EndGlobalSection
	GlobalSection(SolutionProperties) = preSolution
		HideSolutionNode = FALSE
	EndGlobalSection
	GlobalSection(NestedProjects) = preSolution
		{54885459-C14E-43BE-90A5-0EB716F7743B} = {34204EE6-86FF-4500-B973-A9BF4272CAD3}
		{58851B8E-310F-43F9-BCCD-BF1BE3231352} = {34204EE6-86FF-4500-B973-A9BF4272CAD3}
		{01A64344-C6CD-44CB-A7D7-61909421C034} = {34204EE6-86FF-4500-B973-A9BF4272CAD3}
		{F2F36466-CF0D-4407-8F08-79DD9F2462B5} = {34204EE6-86FF-4500-B973-A9BF4272CAD3}
		{06D426A5-92A8-408A-81ED-8B741FF79A0A} = {34204EE6-86FF-4500-B973-A9BF4272CAD3}
		{3A05B885-09F1-48F9-8BB2-176E698106FA} = {34204EE6-86FF-4500-B973-A9BF4272CAD3}
		{5D0F5390-8A45-46C1-BD2D-B9CA2A96D87A} = {34204EE6-86FF-4500-B973-A9BF4272CAD3}
		{27B7D70F-E3A7-44AB-89B4-DF09C50B959C} = {34204EE6-86FF-4500-B973-A9BF4272CAD3}
		{0F8AA725-1DB0-43BA-B25B-F9EBA9484965} = {34204EE6-86FF-4500-B973-A9BF4272CAD3}
		{7575A268-C803-4655-A9EC-5C86A7CF9AC3} = {34204EE6-86FF-4500-B973-A9BF4272CAD3}
		{C221553E-18CA-4803-B4BE-73EDB0A7BE48} = {34204EE6-86FF-4500-B973-A9BF4272CAD3}
		{C74EF4DD-C9E7-4C16-A055-918FF6CB43F6} = {34204EE6-86FF-4500-B973-A9BF4272CAD3}
	EndGlobalSection
	GlobalSection(ExtensibilityGlobals) = postSolution
		SolutionGuid = {2FC287EB-182A-4A4F-82F9-E99E0CCAEFE2}
	EndGlobalSection
EndGlobal
